// !$*UTF8*$!
{
	archiveVersion = 1;
	classes = {
	};
	objectVersion = 51;
	objects = {

/* Begin PBXBuildFile section */
		260844FA24420EBF00F59166 /* SpotEntity+CoreDataClass.swift in Sources */ = {isa = PBXBuildFile; fileRef = 260844F824420EBF00F59166 /* SpotEntity+CoreDataClass.swift */; };
		260844FB24420EBF00F59166 /* SpotEntity+CoreDataProperties.swift in Sources */ = {isa = PBXBuildFile; fileRef = 260844F924420EBF00F59166 /* SpotEntity+CoreDataProperties.swift */; };
		260844FD24421FD900F59166 /* SpotDetailVC.swift in Sources */ = {isa = PBXBuildFile; fileRef = 260844FC24421FD900F59166 /* SpotDetailVC.swift */; };
		263361922453349D0014CD92 /* PlantDetailVC.swift in Sources */ = {isa = PBXBuildFile; fileRef = 263361912453349D0014CD92 /* PlantDetailVC.swift */; };
		2633619424541E5F0014CD92 /* GardenPlantHSVC.swift in Sources */ = {isa = PBXBuildFile; fileRef = 2633619324541E5F0014CD92 /* GardenPlantHSVC.swift */; };
		263361D224549E740014CD92 /* RecordHeatMapVC.swift in Sources */ = {isa = PBXBuildFile; fileRef = 263361D124549E740014CD92 /* RecordHeatMapVC.swift */; };
		263361D52454B1F00014CD92 /* addRecordVC.swift in Sources */ = {isa = PBXBuildFile; fileRef = 263361D42454B1F00014CD92 /* addRecordVC.swift */; };
		263362182455D3190014CD92 /* UIColor+Utils.swift in Sources */ = {isa = PBXBuildFile; fileRef = 263362172455D3190014CD92 /* UIColor+Utils.swift */; };
		2633621A2455D4230014CD92 /* TopNotesPush.swift in Sources */ = {isa = PBXBuildFile; fileRef = 263362192455D4230014CD92 /* TopNotesPush.swift */; };
		265B1F6B2436E7300036F0F5 /* AppDelegate.swift in Sources */ = {isa = PBXBuildFile; fileRef = 265B1F6A2436E7300036F0F5 /* AppDelegate.swift */; };
		265B1F6D2436E7300036F0F5 /* SceneDelegate.swift in Sources */ = {isa = PBXBuildFile; fileRef = 265B1F6C2436E7300036F0F5 /* SceneDelegate.swift */; };
		265B1F742436E7300036F0F5 /* Main.storyboard in Resources */ = {isa = PBXBuildFile; fileRef = 265B1F722436E7300036F0F5 /* Main.storyboard */; };
		265B1F7C2436E7340036F0F5 /* LaunchScreen.storyboard in Resources */ = {isa = PBXBuildFile; fileRef = 265B1F7A2436E7340036F0F5 /* LaunchScreen.storyboard */; };
		265B1F872436E7340036F0F5 /* BeeGardenTests.swift in Sources */ = {isa = PBXBuildFile; fileRef = 265B1F862436E7340036F0F5 /* BeeGardenTests.swift */; };
		265B1F922436E7340036F0F5 /* BeeGardenUITests.swift in Sources */ = {isa = PBXBuildFile; fileRef = 265B1F912436E7340036F0F5 /* BeeGardenUITests.swift */; };
		2662209B243842BC0072CF83 /* Bee.swift in Sources */ = {isa = PBXBuildFile; fileRef = 2662209A243842BC0072CF83 /* Bee.swift */; };
		2662209C243842BC0072CF83 /* Bee.swift in Sources */ = {isa = PBXBuildFile; fileRef = 2662209A243842BC0072CF83 /* Bee.swift */; };
		2662209D243842BC0072CF83 /* Bee.swift in Sources */ = {isa = PBXBuildFile; fileRef = 2662209A243842BC0072CF83 /* Bee.swift */; };
		2662209F243842E20072CF83 /* Flower.swift in Sources */ = {isa = PBXBuildFile; fileRef = 2662209E243842E20072CF83 /* Flower.swift */; };
		266220A0243842E20072CF83 /* Flower.swift in Sources */ = {isa = PBXBuildFile; fileRef = 2662209E243842E20072CF83 /* Flower.swift */; };
		266220A1243842E20072CF83 /* Flower.swift in Sources */ = {isa = PBXBuildFile; fileRef = 2662209E243842E20072CF83 /* Flower.swift */; };
		266220A3243843080072CF83 /* Planting.swift in Sources */ = {isa = PBXBuildFile; fileRef = 266220A2243843080072CF83 /* Planting.swift */; };
		266220A4243843080072CF83 /* Planting.swift in Sources */ = {isa = PBXBuildFile; fileRef = 266220A2243843080072CF83 /* Planting.swift */; };
		266220A5243843080072CF83 /* Planting.swift in Sources */ = {isa = PBXBuildFile; fileRef = 266220A2243843080072CF83 /* Planting.swift */; };
		266220A7243843260072CF83 /* Observe.swift in Sources */ = {isa = PBXBuildFile; fileRef = 266220A6243843260072CF83 /* Observe.swift */; };
		266220A8243843260072CF83 /* Observe.swift in Sources */ = {isa = PBXBuildFile; fileRef = 266220A6243843260072CF83 /* Observe.swift */; };
		266220A9243843260072CF83 /* Observe.swift in Sources */ = {isa = PBXBuildFile; fileRef = 266220A6243843260072CF83 /* Observe.swift */; };
		266220B4243891820072CF83 /* CoreDataController.swift in Sources */ = {isa = PBXBuildFile; fileRef = 266220B3243891820072CF83 /* CoreDataController.swift */; };
		266220B5243891830072CF83 /* CoreDataController.swift in Sources */ = {isa = PBXBuildFile; fileRef = 266220B3243891820072CF83 /* CoreDataController.swift */; };
		266220B6243891830072CF83 /* CoreDataController.swift in Sources */ = {isa = PBXBuildFile; fileRef = 266220B3243891820072CF83 /* CoreDataController.swift */; };
		266220B8243891C10072CF83 /* DatabaseProtocol.swift in Sources */ = {isa = PBXBuildFile; fileRef = 266220B7243891C10072CF83 /* DatabaseProtocol.swift */; };
		266220B9243891C10072CF83 /* DatabaseProtocol.swift in Sources */ = {isa = PBXBuildFile; fileRef = 266220B7243891C10072CF83 /* DatabaseProtocol.swift */; };
		266220BA243891C10072CF83 /* DatabaseProtocol.swift in Sources */ = {isa = PBXBuildFile; fileRef = 266220B7243891C10072CF83 /* DatabaseProtocol.swift */; };
		266220BC243891E40072CF83 /* MulticastDelegate.swift in Sources */ = {isa = PBXBuildFile; fileRef = 266220BB243891E40072CF83 /* MulticastDelegate.swift */; };
		266220BD243891E40072CF83 /* MulticastDelegate.swift in Sources */ = {isa = PBXBuildFile; fileRef = 266220BB243891E40072CF83 /* MulticastDelegate.swift */; };
		266220BE243891E40072CF83 /* MulticastDelegate.swift in Sources */ = {isa = PBXBuildFile; fileRef = 266220BB243891E40072CF83 /* MulticastDelegate.swift */; };
		266220C02439D7E60072CF83 /* GalleryTableVC.swift in Sources */ = {isa = PBXBuildFile; fileRef = 266220BF2439D7E60072CF83 /* GalleryTableVC.swift */; };
		266220C12439D7E60072CF83 /* GalleryTableVC.swift in Sources */ = {isa = PBXBuildFile; fileRef = 266220BF2439D7E60072CF83 /* GalleryTableVC.swift */; };
		266220C22439D7E60072CF83 /* GalleryTableVC.swift in Sources */ = {isa = PBXBuildFile; fileRef = 266220BF2439D7E60072CF83 /* GalleryTableVC.swift */; };
		266220C82439E2DE0072CF83 /* GalleryTableViewCell.swift in Sources */ = {isa = PBXBuildFile; fileRef = 266220C72439E2DE0072CF83 /* GalleryTableViewCell.swift */; };
		266220C92439E2DE0072CF83 /* GalleryTableViewCell.swift in Sources */ = {isa = PBXBuildFile; fileRef = 266220C72439E2DE0072CF83 /* GalleryTableViewCell.swift */; };
		266220CA2439E2DE0072CF83 /* GalleryTableViewCell.swift in Sources */ = {isa = PBXBuildFile; fileRef = 266220C72439E2DE0072CF83 /* GalleryTableViewCell.swift */; };
		266220CC2439FE450072CF83 /* AddObserveVC.swift in Sources */ = {isa = PBXBuildFile; fileRef = 266220CB2439FE450072CF83 /* AddObserveVC.swift */; };
		266220CD2439FE450072CF83 /* AddObserveVC.swift in Sources */ = {isa = PBXBuildFile; fileRef = 266220CB2439FE450072CF83 /* AddObserveVC.swift */; };
		266220CE2439FE450072CF83 /* AddObserveVC.swift in Sources */ = {isa = PBXBuildFile; fileRef = 266220CB2439FE450072CF83 /* AddObserveVC.swift */; };
		26622103243B1A690072CF83 /* BeeEntity+CoreDataClass.swift in Sources */ = {isa = PBXBuildFile; fileRef = 266220F3243B1A690072CF83 /* BeeEntity+CoreDataClass.swift */; };
		26622104243B1A690072CF83 /* BeeEntity+CoreDataClass.swift in Sources */ = {isa = PBXBuildFile; fileRef = 266220F3243B1A690072CF83 /* BeeEntity+CoreDataClass.swift */; };
		26622105243B1A690072CF83 /* BeeEntity+CoreDataClass.swift in Sources */ = {isa = PBXBuildFile; fileRef = 266220F3243B1A690072CF83 /* BeeEntity+CoreDataClass.swift */; };
		26622106243B1A690072CF83 /* BeeEntity+CoreDataProperties.swift in Sources */ = {isa = PBXBuildFile; fileRef = 266220F4243B1A690072CF83 /* BeeEntity+CoreDataProperties.swift */; };
		26622107243B1A690072CF83 /* BeeEntity+CoreDataProperties.swift in Sources */ = {isa = PBXBuildFile; fileRef = 266220F4243B1A690072CF83 /* BeeEntity+CoreDataProperties.swift */; };
		26622108243B1A690072CF83 /* BeeEntity+CoreDataProperties.swift in Sources */ = {isa = PBXBuildFile; fileRef = 266220F4243B1A690072CF83 /* BeeEntity+CoreDataProperties.swift */; };
		26622109243B1A690072CF83 /* ObserveEntity+CoreDataClass.swift in Sources */ = {isa = PBXBuildFile; fileRef = 266220F5243B1A690072CF83 /* ObserveEntity+CoreDataClass.swift */; };
		2662210A243B1A690072CF83 /* ObserveEntity+CoreDataClass.swift in Sources */ = {isa = PBXBuildFile; fileRef = 266220F5243B1A690072CF83 /* ObserveEntity+CoreDataClass.swift */; };
		2662210B243B1A690072CF83 /* ObserveEntity+CoreDataClass.swift in Sources */ = {isa = PBXBuildFile; fileRef = 266220F5243B1A690072CF83 /* ObserveEntity+CoreDataClass.swift */; };
		2662210C243B1A690072CF83 /* ObserveEntity+CoreDataProperties.swift in Sources */ = {isa = PBXBuildFile; fileRef = 266220F6243B1A690072CF83 /* ObserveEntity+CoreDataProperties.swift */; };
		2662210D243B1A690072CF83 /* ObserveEntity+CoreDataProperties.swift in Sources */ = {isa = PBXBuildFile; fileRef = 266220F6243B1A690072CF83 /* ObserveEntity+CoreDataProperties.swift */; };
		2662210E243B1A690072CF83 /* ObserveEntity+CoreDataProperties.swift in Sources */ = {isa = PBXBuildFile; fileRef = 266220F6243B1A690072CF83 /* ObserveEntity+CoreDataProperties.swift */; };
		267CAADE2449F34D00A7F973 /* TabBarVC.swift in Sources */ = {isa = PBXBuildFile; fileRef = 267CAADD2449F34D00A7F973 /* TabBarVC.swift */; };
		267CAAE02449F90900A7F973 /* Assets.xcassets in Resources */ = {isa = PBXBuildFile; fileRef = 267CAADF2449F90900A7F973 /* Assets.xcassets */; };
		267CAB22244A1EE800A7F973 /* PageVC.swift in Sources */ = {isa = PBXBuildFile; fileRef = 267CAB21244A1EE800A7F973 /* PageVC.swift */; };
		267CAB24244A1F1300A7F973 /* TutorialVC.swift in Sources */ = {isa = PBXBuildFile; fileRef = 267CAB23244A1F1300A7F973 /* TutorialVC.swift */; };
		267CAB33244DCCFF00A7F973 /* PlantRecordEntity+CoreDataClass.swift in Sources */ = {isa = PBXBuildFile; fileRef = 267CAB2F244DCCFF00A7F973 /* PlantRecordEntity+CoreDataClass.swift */; };
		267CAB34244DCCFF00A7F973 /* PlantRecordEntity+CoreDataProperties.swift in Sources */ = {isa = PBXBuildFile; fileRef = 267CAB30244DCCFF00A7F973 /* PlantRecordEntity+CoreDataProperties.swift */; };
		267CAB36244DFB7400A7F973 /* NavTabVC.swift in Sources */ = {isa = PBXBuildFile; fileRef = 267CAB35244DFB7400A7F973 /* NavTabVC.swift */; };
		267CAB38244EF45600A7F973 /* gardening.json in Resources */ = {isa = PBXBuildFile; fileRef = 267CAB37244EF45600A7F973 /* gardening.json */; };
		267CAB3A244EF6FF00A7F973 /* travelers.json in Resources */ = {isa = PBXBuildFile; fileRef = 267CAB39244EF6FF00A7F973 /* travelers.json */; };
		267CAB3C244F164000A7F973 /* camera.json in Resources */ = {isa = PBXBuildFile; fileRef = 267CAB3B244F164000A7F973 /* camera.json */; };
		267CAB3E244F1C6E00A7F973 /* travel-camera.json in Resources */ = {isa = PBXBuildFile; fileRef = 267CAB3D244F1C6E00A7F973 /* travel-camera.json */; };
		267CAB442450962B00A7F973 /* GardenVC.swift in Sources */ = {isa = PBXBuildFile; fileRef = 267CAB432450962B00A7F973 /* GardenVC.swift */; };
		267CAB4924509AF100A7F973 /* GardenEntity+CoreDataClass.swift in Sources */ = {isa = PBXBuildFile; fileRef = 267CAB4524509AF100A7F973 /* GardenEntity+CoreDataClass.swift */; };
		267CAB4A24509AF100A7F973 /* GardenEntity+CoreDataProperties.swift in Sources */ = {isa = PBXBuildFile; fileRef = 267CAB4624509AF100A7F973 /* GardenEntity+CoreDataProperties.swift */; };
		267CAB4B24509AF100A7F973 /* FlowerEntity+CoreDataClass.swift in Sources */ = {isa = PBXBuildFile; fileRef = 267CAB4724509AF100A7F973 /* FlowerEntity+CoreDataClass.swift */; };
		267CAB4C24509AF100A7F973 /* FlowerEntity+CoreDataProperties.swift in Sources */ = {isa = PBXBuildFile; fileRef = 267CAB4824509AF100A7F973 /* FlowerEntity+CoreDataProperties.swift */; };
		267CACC72451BC9700A7F973 /* PlantListVC.swift in Sources */ = {isa = PBXBuildFile; fileRef = 267CACC62451BC9700A7F973 /* PlantListVC.swift */; };
		267CACCB2451C57800A7F973 /* CollectionCell.swift in Sources */ = {isa = PBXBuildFile; fileRef = 267CACC92451C57800A7F973 /* CollectionCell.swift */; };
		267CACCC2451C57800A7F973 /* CollectionCell.xib in Resources */ = {isa = PBXBuildFile; fileRef = 267CACCA2451C57800A7F973 /* CollectionCell.xib */; };
		26B00623243E1D8D00BA9187 /* HomeTabVC.swift in Sources */ = {isa = PBXBuildFile; fileRef = 26B00622243E1D8D00BA9187 /* HomeTabVC.swift */; };
		26B00624243E1D8D00BA9187 /* HomeTabVC.swift in Sources */ = {isa = PBXBuildFile; fileRef = 26B00622243E1D8D00BA9187 /* HomeTabVC.swift */; };
		26B00625243E1D8D00BA9187 /* HomeTabVC.swift in Sources */ = {isa = PBXBuildFile; fileRef = 26B00622243E1D8D00BA9187 /* HomeTabVC.swift */; };
		26B00627243E1FEF00BA9187 /* PagingCollectionViewLayout.swift in Sources */ = {isa = PBXBuildFile; fileRef = 26B00626243E1FEF00BA9187 /* PagingCollectionViewLayout.swift */; };
		26B00628243E1FEF00BA9187 /* PagingCollectionViewLayout.swift in Sources */ = {isa = PBXBuildFile; fileRef = 26B00626243E1FEF00BA9187 /* PagingCollectionViewLayout.swift */; };
		26B00629243E1FEF00BA9187 /* PagingCollectionViewLayout.swift in Sources */ = {isa = PBXBuildFile; fileRef = 26B00626243E1FEF00BA9187 /* PagingCollectionViewLayout.swift */; };
		26B0062B2440296400BA9187 /* HomeBeeDetailVC.swift in Sources */ = {isa = PBXBuildFile; fileRef = 26B0062A2440296400BA9187 /* HomeBeeDetailVC.swift */; };
		26B0062C2440296400BA9187 /* HomeBeeDetailVC.swift in Sources */ = {isa = PBXBuildFile; fileRef = 26B0062A2440296400BA9187 /* HomeBeeDetailVC.swift */; };
		26B0062D2440296400BA9187 /* HomeBeeDetailVC.swift in Sources */ = {isa = PBXBuildFile; fileRef = 26B0062A2440296400BA9187 /* HomeBeeDetailVC.swift */; };
		26B006302440505000BA9187 /* KnowledgeEntity+CoreDataClass.swift in Sources */ = {isa = PBXBuildFile; fileRef = 26B0062E2440505000BA9187 /* KnowledgeEntity+CoreDataClass.swift */; };
		26B006312440505000BA9187 /* KnowledgeEntity+CoreDataClass.swift in Sources */ = {isa = PBXBuildFile; fileRef = 26B0062E2440505000BA9187 /* KnowledgeEntity+CoreDataClass.swift */; };
		26B006322440505000BA9187 /* KnowledgeEntity+CoreDataClass.swift in Sources */ = {isa = PBXBuildFile; fileRef = 26B0062E2440505000BA9187 /* KnowledgeEntity+CoreDataClass.swift */; };
		26B006332440505000BA9187 /* KnowledgeEntity+CoreDataProperties.swift in Sources */ = {isa = PBXBuildFile; fileRef = 26B0062F2440505000BA9187 /* KnowledgeEntity+CoreDataProperties.swift */; };
		26B006342440505000BA9187 /* KnowledgeEntity+CoreDataProperties.swift in Sources */ = {isa = PBXBuildFile; fileRef = 26B0062F2440505000BA9187 /* KnowledgeEntity+CoreDataProperties.swift */; };
		26B006352440505000BA9187 /* KnowledgeEntity+CoreDataProperties.swift in Sources */ = {isa = PBXBuildFile; fileRef = 26B0062F2440505000BA9187 /* KnowledgeEntity+CoreDataProperties.swift */; };
		26B006372440542200BA9187 /* HomeKnowVC.swift in Sources */ = {isa = PBXBuildFile; fileRef = 26B006362440542200BA9187 /* HomeKnowVC.swift */; };
		26B006382440542200BA9187 /* HomeKnowVC.swift in Sources */ = {isa = PBXBuildFile; fileRef = 26B006362440542200BA9187 /* HomeKnowVC.swift */; };
		26B006392440542200BA9187 /* HomeKnowVC.swift in Sources */ = {isa = PBXBuildFile; fileRef = 26B006362440542200BA9187 /* HomeKnowVC.swift */; };
		26B0063B2440814800BA9187 /* HomeKnowDetailVC.swift in Sources */ = {isa = PBXBuildFile; fileRef = 26B0063A2440814800BA9187 /* HomeKnowDetailVC.swift */; };
		26B0067E2440B8F400BA9187 /* HomeViewController.swift in Sources */ = {isa = PBXBuildFile; fileRef = 26B0067D2440B8F400BA9187 /* HomeViewController.swift */; };
		26B0068024417D7000BA9187 /* NearbyVC.swift in Sources */ = {isa = PBXBuildFile; fileRef = 26B0067F24417D7000BA9187 /* NearbyVC.swift */; };
		26B006832442040C00BA9187 /* Model.xcdatamodeld in Sources */ = {isa = PBXBuildFile; fileRef = 26B006812442040C00BA9187 /* Model.xcdatamodeld */; };
		26C812682444ACB100FC4994 /* LaunchScreenVC.swift in Sources */ = {isa = PBXBuildFile; fileRef = 26C812672444ACB100FC4994 /* LaunchScreenVC.swift */; };
		26C8126A2444AD9000FC4994 /* bee-fiying.json in Resources */ = {isa = PBXBuildFile; fileRef = 26C812692444AD9000FC4994 /* bee-fiying.json */; };
		26C812AE2444D8C800FC4994 /* book-animation.json in Resources */ = {isa = PBXBuildFile; fileRef = 26C812AD2444D8C800FC4994 /* book-animation.json */; };
		26C812B024460A1900FC4994 /* PlantVC.swift in Sources */ = {isa = PBXBuildFile; fileRef = 26C812AF24460A1900FC4994 /* PlantVC.swift */; };
		26C812EE2448A9F200FC4994 /* MelbourneCBD.gpx in Resources */ = {isa = PBXBuildFile; fileRef = 26C812ED2448A9F200FC4994 /* MelbourneCBD.gpx */; };
		26E2663C24594C09006955CB /* PinterestLayout.swift in Sources */ = {isa = PBXBuildFile; fileRef = 26E2663B24594C09006955CB /* PinterestLayout.swift */; };
		26E2663E24594E35006955CB /* GalleryCollectionVC.swift in Sources */ = {isa = PBXBuildFile; fileRef = 26E2663D24594E35006955CB /* GalleryCollectionVC.swift */; };
		26E2664024594F2F006955CB /* CollectionPhotoCell.swift in Sources */ = {isa = PBXBuildFile; fileRef = 26E2663F24594F2F006955CB /* CollectionPhotoCell.swift */; };
		26E266422459C827006955CB /* ObserveDetailVC.swift in Sources */ = {isa = PBXBuildFile; fileRef = 26E266412459C827006955CB /* ObserveDetailVC.swift */; };
		26E266442459DA88006955CB /* LotAnimaiton.swift in Sources */ = {isa = PBXBuildFile; fileRef = 26E266432459DA88006955CB /* LotAnimaiton.swift */; };
		26E266462459DB4E006955CB /* hand-tap.json in Resources */ = {isa = PBXBuildFile; fileRef = 26E266452459DB4E006955CB /* hand-tap.json */; };
		26E26648245A8D39006955CB /* WeatherAPI.swift in Sources */ = {isa = PBXBuildFile; fileRef = 26E26647245A8D39006955CB /* WeatherAPI.swift */; };
		26E5A336245BEA8500C82B98 /* TestViewController.swift in Sources */ = {isa = PBXBuildFile; fileRef = 26E5A335245BEA8500C82B98 /* TestViewController.swift */; };
		26E5A339245BF31C00C82B98 /* HalfModalPresentationController.swift in Sources */ = {isa = PBXBuildFile; fileRef = 26E5A338245BF31C00C82B98 /* HalfModalPresentationController.swift */; };
		26E5A33D245BF33A00C82B98 /* HalfModalTransitionAnimator.swift in Sources */ = {isa = PBXBuildFile; fileRef = 26E5A33A245BF33900C82B98 /* HalfModalTransitionAnimator.swift */; };
		26E5A33E245BF33A00C82B98 /* HalfModalTransitioningDelegate.swift in Sources */ = {isa = PBXBuildFile; fileRef = 26E5A33B245BF33900C82B98 /* HalfModalTransitioningDelegate.swift */; };
		26E5A33F245BF33A00C82B98 /* HalfModalInteractiveTransition.swift in Sources */ = {isa = PBXBuildFile; fileRef = 26E5A33C245BF33A00C82B98 /* HalfModalInteractiveTransition.swift */; };
		26E5A342245DCE3B00C82B98 /* RainBarChartVC.swift in Sources */ = {isa = PBXBuildFile; fileRef = 26E5A341245DCE3B00C82B98 /* RainBarChartVC.swift */; };
		26E5A344245EEBE500C82B98 /* GardenNotifVC.swift in Sources */ = {isa = PBXBuildFile; fileRef = 26E5A343245EEBE500C82B98 /* GardenNotifVC.swift */; };
		8BB2D5FD2C3029ECA74A7795 /* Pods_BeeGardenTests.framework in Frameworks */ = {isa = PBXBuildFile; fileRef = 9F2D1BF85A93589929C7052F /* Pods_BeeGardenTests.framework */; };
		9E8A2AFE0644832EBE11AB7C /* Pods_BeeGarden.framework in Frameworks */ = {isa = PBXBuildFile; fileRef = 74D9A6FC258A9EDBD75D7BE8 /* Pods_BeeGarden.framework */; };
		BE8F31426D48E01B9DE2E92E /* Pods_BeeGarden_BeeGardenUITests.framework in Frameworks */ = {isa = PBXBuildFile; fileRef = E4C5B00565AB402B02AEE770 /* Pods_BeeGarden_BeeGardenUITests.framework */; };
/* End PBXBuildFile section */

/* Begin PBXContainerItemProxy section */
		265B1F832436E7340036F0F5 /* PBXContainerItemProxy */ = {
			isa = PBXContainerItemProxy;
			containerPortal = 265B1F5F2436E7300036F0F5 /* Project object */;
			proxyType = 1;
			remoteGlobalIDString = 265B1F662436E7300036F0F5;
			remoteInfo = BeeGarden;
		};
		265B1F8E2436E7340036F0F5 /* PBXContainerItemProxy */ = {
			isa = PBXContainerItemProxy;
			containerPortal = 265B1F5F2436E7300036F0F5 /* Project object */;
			proxyType = 1;
			remoteGlobalIDString = 265B1F662436E7300036F0F5;
			remoteInfo = BeeGarden;
		};
/* End PBXContainerItemProxy section */

/* Begin PBXFileReference section */
		03C1C24CC55619D0BD418C11 /* Pods-BeeGardenTests.debug.xcconfig */ = {isa = PBXFileReference; includeInIndex = 1; lastKnownFileType = text.xcconfig; name = "Pods-BeeGardenTests.debug.xcconfig"; path = "Target Support Files/Pods-BeeGardenTests/Pods-BeeGardenTests.debug.xcconfig"; sourceTree = "<group>"; };
		260844F824420EBF00F59166 /* SpotEntity+CoreDataClass.swift */ = {isa = PBXFileReference; lastKnownFileType = sourcecode.swift; path = "SpotEntity+CoreDataClass.swift"; sourceTree = "<group>"; };
		260844F924420EBF00F59166 /* SpotEntity+CoreDataProperties.swift */ = {isa = PBXFileReference; lastKnownFileType = sourcecode.swift; path = "SpotEntity+CoreDataProperties.swift"; sourceTree = "<group>"; };
		260844FC24421FD900F59166 /* SpotDetailVC.swift */ = {isa = PBXFileReference; lastKnownFileType = sourcecode.swift; name = SpotDetailVC.swift; path = Database/SpotDetailVC.swift; sourceTree = "<group>"; };
		263361912453349D0014CD92 /* PlantDetailVC.swift */ = {isa = PBXFileReference; lastKnownFileType = sourcecode.swift; path = PlantDetailVC.swift; sourceTree = "<group>"; };
		2633619324541E5F0014CD92 /* GardenPlantHSVC.swift */ = {isa = PBXFileReference; lastKnownFileType = sourcecode.swift; path = GardenPlantHSVC.swift; sourceTree = "<group>"; };
		263361D124549E740014CD92 /* RecordHeatMapVC.swift */ = {isa = PBXFileReference; lastKnownFileType = sourcecode.swift; path = RecordHeatMapVC.swift; sourceTree = "<group>"; };
		263361D42454B1F00014CD92 /* addRecordVC.swift */ = {isa = PBXFileReference; lastKnownFileType = sourcecode.swift; path = addRecordVC.swift; sourceTree = "<group>"; };
		263362172455D3190014CD92 /* UIColor+Utils.swift */ = {isa = PBXFileReference; lastKnownFileType = sourcecode.swift; path = "UIColor+Utils.swift"; sourceTree = "<group>"; };
		263362192455D4230014CD92 /* TopNotesPush.swift */ = {isa = PBXFileReference; lastKnownFileType = sourcecode.swift; path = TopNotesPush.swift; sourceTree = "<group>"; };
		265B1F672436E7300036F0F5 /* BeeGarden.app */ = {isa = PBXFileReference; explicitFileType = wrapper.application; includeInIndex = 0; path = BeeGarden.app; sourceTree = BUILT_PRODUCTS_DIR; };
		265B1F6A2436E7300036F0F5 /* AppDelegate.swift */ = {isa = PBXFileReference; lastKnownFileType = sourcecode.swift; path = AppDelegate.swift; sourceTree = "<group>"; };
		265B1F6C2436E7300036F0F5 /* SceneDelegate.swift */ = {isa = PBXFileReference; lastKnownFileType = sourcecode.swift; path = SceneDelegate.swift; sourceTree = "<group>"; };
		265B1F732436E7300036F0F5 /* Base */ = {isa = PBXFileReference; lastKnownFileType = file.storyboard; name = Base; path = Base.lproj/Main.storyboard; sourceTree = "<group>"; };
		265B1F7B2436E7340036F0F5 /* Base */ = {isa = PBXFileReference; lastKnownFileType = file.storyboard; name = Base; path = Base.lproj/LaunchScreen.storyboard; sourceTree = "<group>"; };
		265B1F7D2436E7340036F0F5 /* Info.plist */ = {isa = PBXFileReference; lastKnownFileType = text.plist.xml; path = Info.plist; sourceTree = "<group>"; };
		265B1F822436E7340036F0F5 /* BeeGardenTests.xctest */ = {isa = PBXFileReference; explicitFileType = wrapper.cfbundle; includeInIndex = 0; path = BeeGardenTests.xctest; sourceTree = BUILT_PRODUCTS_DIR; };
		265B1F862436E7340036F0F5 /* BeeGardenTests.swift */ = {isa = PBXFileReference; lastKnownFileType = sourcecode.swift; path = BeeGardenTests.swift; sourceTree = "<group>"; };
		265B1F882436E7340036F0F5 /* Info.plist */ = {isa = PBXFileReference; lastKnownFileType = text.plist.xml; path = Info.plist; sourceTree = "<group>"; };
		265B1F8D2436E7340036F0F5 /* BeeGardenUITests.xctest */ = {isa = PBXFileReference; explicitFileType = wrapper.cfbundle; includeInIndex = 0; path = BeeGardenUITests.xctest; sourceTree = BUILT_PRODUCTS_DIR; };
		265B1F912436E7340036F0F5 /* BeeGardenUITests.swift */ = {isa = PBXFileReference; lastKnownFileType = sourcecode.swift; path = BeeGardenUITests.swift; sourceTree = "<group>"; };
		265B1F932436E7340036F0F5 /* Info.plist */ = {isa = PBXFileReference; lastKnownFileType = text.plist.xml; path = Info.plist; sourceTree = "<group>"; };
		2662209A243842BC0072CF83 /* Bee.swift */ = {isa = PBXFileReference; lastKnownFileType = sourcecode.swift; path = Bee.swift; sourceTree = "<group>"; };
		2662209E243842E20072CF83 /* Flower.swift */ = {isa = PBXFileReference; lastKnownFileType = sourcecode.swift; path = Flower.swift; sourceTree = "<group>"; };
		266220A2243843080072CF83 /* Planting.swift */ = {isa = PBXFileReference; lastKnownFileType = sourcecode.swift; path = Planting.swift; sourceTree = "<group>"; };
		266220A6243843260072CF83 /* Observe.swift */ = {isa = PBXFileReference; lastKnownFileType = sourcecode.swift; path = Observe.swift; sourceTree = "<group>"; };
		266220B3243891820072CF83 /* CoreDataController.swift */ = {isa = PBXFileReference; lastKnownFileType = sourcecode.swift; path = CoreDataController.swift; sourceTree = "<group>"; };
		266220B7243891C10072CF83 /* DatabaseProtocol.swift */ = {isa = PBXFileReference; lastKnownFileType = sourcecode.swift; path = DatabaseProtocol.swift; sourceTree = "<group>"; };
		266220BB243891E40072CF83 /* MulticastDelegate.swift */ = {isa = PBXFileReference; lastKnownFileType = sourcecode.swift; path = MulticastDelegate.swift; sourceTree = "<group>"; };
		266220BF2439D7E60072CF83 /* GalleryTableVC.swift */ = {isa = PBXFileReference; lastKnownFileType = sourcecode.swift; path = GalleryTableVC.swift; sourceTree = "<group>"; };
		266220C72439E2DE0072CF83 /* GalleryTableViewCell.swift */ = {isa = PBXFileReference; lastKnownFileType = sourcecode.swift; path = GalleryTableViewCell.swift; sourceTree = "<group>"; };
		266220CB2439FE450072CF83 /* AddObserveVC.swift */ = {isa = PBXFileReference; lastKnownFileType = sourcecode.swift; path = AddObserveVC.swift; sourceTree = "<group>"; };
		266220F3243B1A690072CF83 /* BeeEntity+CoreDataClass.swift */ = {isa = PBXFileReference; lastKnownFileType = sourcecode.swift; path = "BeeEntity+CoreDataClass.swift"; sourceTree = "<group>"; };
		266220F4243B1A690072CF83 /* BeeEntity+CoreDataProperties.swift */ = {isa = PBXFileReference; lastKnownFileType = sourcecode.swift; path = "BeeEntity+CoreDataProperties.swift"; sourceTree = "<group>"; };
		266220F5243B1A690072CF83 /* ObserveEntity+CoreDataClass.swift */ = {isa = PBXFileReference; lastKnownFileType = sourcecode.swift; path = "ObserveEntity+CoreDataClass.swift"; sourceTree = "<group>"; };
		266220F6243B1A690072CF83 /* ObserveEntity+CoreDataProperties.swift */ = {isa = PBXFileReference; lastKnownFileType = sourcecode.swift; path = "ObserveEntity+CoreDataProperties.swift"; sourceTree = "<group>"; };
		267CAADD2449F34D00A7F973 /* TabBarVC.swift */ = {isa = PBXFileReference; lastKnownFileType = sourcecode.swift; path = TabBarVC.swift; sourceTree = "<group>"; };
		267CAADF2449F90900A7F973 /* Assets.xcassets */ = {isa = PBXFileReference; lastKnownFileType = folder.assetcatalog; path = Assets.xcassets; sourceTree = "<group>"; };
		267CAB21244A1EE800A7F973 /* PageVC.swift */ = {isa = PBXFileReference; lastKnownFileType = sourcecode.swift; path = PageVC.swift; sourceTree = "<group>"; };
		267CAB23244A1F1300A7F973 /* TutorialVC.swift */ = {isa = PBXFileReference; lastKnownFileType = sourcecode.swift; path = TutorialVC.swift; sourceTree = "<group>"; };
		267CAB2F244DCCFF00A7F973 /* PlantRecordEntity+CoreDataClass.swift */ = {isa = PBXFileReference; lastKnownFileType = sourcecode.swift; path = "PlantRecordEntity+CoreDataClass.swift"; sourceTree = SOURCE_ROOT; };
		267CAB30244DCCFF00A7F973 /* PlantRecordEntity+CoreDataProperties.swift */ = {isa = PBXFileReference; lastKnownFileType = sourcecode.swift; path = "PlantRecordEntity+CoreDataProperties.swift"; sourceTree = SOURCE_ROOT; };
		267CAB35244DFB7400A7F973 /* NavTabVC.swift */ = {isa = PBXFileReference; lastKnownFileType = sourcecode.swift; path = NavTabVC.swift; sourceTree = "<group>"; };
		267CAB37244EF45600A7F973 /* gardening.json */ = {isa = PBXFileReference; fileEncoding = 4; lastKnownFileType = text.json; path = gardening.json; sourceTree = "<group>"; };
		267CAB39244EF6FF00A7F973 /* travelers.json */ = {isa = PBXFileReference; fileEncoding = 4; lastKnownFileType = text.json; path = travelers.json; sourceTree = "<group>"; };
		267CAB3B244F164000A7F973 /* camera.json */ = {isa = PBXFileReference; fileEncoding = 4; lastKnownFileType = text.json; path = camera.json; sourceTree = "<group>"; };
		267CAB3D244F1C6E00A7F973 /* travel-camera.json */ = {isa = PBXFileReference; fileEncoding = 4; lastKnownFileType = text.json; path = "travel-camera.json"; sourceTree = "<group>"; };
		267CAB432450962B00A7F973 /* GardenVC.swift */ = {isa = PBXFileReference; lastKnownFileType = sourcecode.swift; path = GardenVC.swift; sourceTree = "<group>"; };
		267CAB4524509AF100A7F973 /* GardenEntity+CoreDataClass.swift */ = {isa = PBXFileReference; lastKnownFileType = sourcecode.swift; path = "GardenEntity+CoreDataClass.swift"; sourceTree = SOURCE_ROOT; };
		267CAB4624509AF100A7F973 /* GardenEntity+CoreDataProperties.swift */ = {isa = PBXFileReference; lastKnownFileType = sourcecode.swift; path = "GardenEntity+CoreDataProperties.swift"; sourceTree = SOURCE_ROOT; };
		267CAB4724509AF100A7F973 /* FlowerEntity+CoreDataClass.swift */ = {isa = PBXFileReference; lastKnownFileType = sourcecode.swift; path = "FlowerEntity+CoreDataClass.swift"; sourceTree = SOURCE_ROOT; };
		267CAB4824509AF100A7F973 /* FlowerEntity+CoreDataProperties.swift */ = {isa = PBXFileReference; lastKnownFileType = sourcecode.swift; path = "FlowerEntity+CoreDataProperties.swift"; sourceTree = SOURCE_ROOT; };
		267CACC62451BC9700A7F973 /* PlantListVC.swift */ = {isa = PBXFileReference; lastKnownFileType = sourcecode.swift; path = PlantListVC.swift; sourceTree = "<group>"; };
		267CACC92451C57800A7F973 /* CollectionCell.swift */ = {isa = PBXFileReference; fileEncoding = 4; lastKnownFileType = sourcecode.swift; path = CollectionCell.swift; sourceTree = "<group>"; };
		267CACCA2451C57800A7F973 /* CollectionCell.xib */ = {isa = PBXFileReference; fileEncoding = 4; lastKnownFileType = file.xib; path = CollectionCell.xib; sourceTree = "<group>"; };
		26B00622243E1D8D00BA9187 /* HomeTabVC.swift */ = {isa = PBXFileReference; lastKnownFileType = sourcecode.swift; path = HomeTabVC.swift; sourceTree = "<group>"; };
		26B00626243E1FEF00BA9187 /* PagingCollectionViewLayout.swift */ = {isa = PBXFileReference; lastKnownFileType = sourcecode.swift; path = PagingCollectionViewLayout.swift; sourceTree = "<group>"; };
		26B0062A2440296400BA9187 /* HomeBeeDetailVC.swift */ = {isa = PBXFileReference; lastKnownFileType = sourcecode.swift; path = HomeBeeDetailVC.swift; sourceTree = "<group>"; };
		26B0062E2440505000BA9187 /* KnowledgeEntity+CoreDataClass.swift */ = {isa = PBXFileReference; lastKnownFileType = sourcecode.swift; path = "KnowledgeEntity+CoreDataClass.swift"; sourceTree = SOURCE_ROOT; };
		26B0062F2440505000BA9187 /* KnowledgeEntity+CoreDataProperties.swift */ = {isa = PBXFileReference; lastKnownFileType = sourcecode.swift; path = "KnowledgeEntity+CoreDataProperties.swift"; sourceTree = SOURCE_ROOT; };
		26B006362440542200BA9187 /* HomeKnowVC.swift */ = {isa = PBXFileReference; lastKnownFileType = sourcecode.swift; path = HomeKnowVC.swift; sourceTree = "<group>"; };
		26B0063A2440814800BA9187 /* HomeKnowDetailVC.swift */ = {isa = PBXFileReference; lastKnownFileType = sourcecode.swift; path = HomeKnowDetailVC.swift; sourceTree = "<group>"; };
		26B0067D2440B8F400BA9187 /* HomeViewController.swift */ = {isa = PBXFileReference; lastKnownFileType = sourcecode.swift; path = HomeViewController.swift; sourceTree = "<group>"; };
		26B0067F24417D7000BA9187 /* NearbyVC.swift */ = {isa = PBXFileReference; lastKnownFileType = sourcecode.swift; path = NearbyVC.swift; sourceTree = "<group>"; };
		26B006822442040C00BA9187 /* Model.xcdatamodel */ = {isa = PBXFileReference; lastKnownFileType = wrapper.xcdatamodel; path = Model.xcdatamodel; sourceTree = "<group>"; };
		26C812672444ACB100FC4994 /* LaunchScreenVC.swift */ = {isa = PBXFileReference; lastKnownFileType = sourcecode.swift; path = LaunchScreenVC.swift; sourceTree = "<group>"; };
		26C812692444AD9000FC4994 /* bee-fiying.json */ = {isa = PBXFileReference; fileEncoding = 4; lastKnownFileType = text.json; path = "bee-fiying.json"; sourceTree = "<group>"; };
		26C812AD2444D8C800FC4994 /* book-animation.json */ = {isa = PBXFileReference; fileEncoding = 4; lastKnownFileType = text.json; path = "book-animation.json"; sourceTree = "<group>"; };
		26C812AF24460A1900FC4994 /* PlantVC.swift */ = {isa = PBXFileReference; lastKnownFileType = sourcecode.swift; path = PlantVC.swift; sourceTree = "<group>"; };
		26C812ED2448A9F200FC4994 /* MelbourneCBD.gpx */ = {isa = PBXFileReference; lastKnownFileType = text.xml; path = MelbourneCBD.gpx; sourceTree = SOURCE_ROOT; };
		26E2663B24594C09006955CB /* PinterestLayout.swift */ = {isa = PBXFileReference; fileEncoding = 4; lastKnownFileType = sourcecode.swift; path = PinterestLayout.swift; sourceTree = "<group>"; };
		26E2663D24594E35006955CB /* GalleryCollectionVC.swift */ = {isa = PBXFileReference; lastKnownFileType = sourcecode.swift; path = GalleryCollectionVC.swift; sourceTree = "<group>"; };
		26E2663F24594F2F006955CB /* CollectionPhotoCell.swift */ = {isa = PBXFileReference; lastKnownFileType = sourcecode.swift; path = CollectionPhotoCell.swift; sourceTree = "<group>"; };
		26E266412459C827006955CB /* ObserveDetailVC.swift */ = {isa = PBXFileReference; lastKnownFileType = sourcecode.swift; path = ObserveDetailVC.swift; sourceTree = "<group>"; };
		26E266432459DA88006955CB /* LotAnimaiton.swift */ = {isa = PBXFileReference; lastKnownFileType = sourcecode.swift; path = LotAnimaiton.swift; sourceTree = "<group>"; };
		26E266452459DB4E006955CB /* hand-tap.json */ = {isa = PBXFileReference; fileEncoding = 4; lastKnownFileType = text.json; path = "hand-tap.json"; sourceTree = "<group>"; };
		26E26647245A8D39006955CB /* WeatherAPI.swift */ = {isa = PBXFileReference; lastKnownFileType = sourcecode.swift; path = WeatherAPI.swift; sourceTree = "<group>"; };
		26E5A335245BEA8500C82B98 /* TestViewController.swift */ = {isa = PBXFileReference; lastKnownFileType = sourcecode.swift; path = TestViewController.swift; sourceTree = "<group>"; };
		26E5A338245BF31C00C82B98 /* HalfModalPresentationController.swift */ = {isa = PBXFileReference; fileEncoding = 4; lastKnownFileType = sourcecode.swift; path = HalfModalPresentationController.swift; sourceTree = "<group>"; };
		26E5A33A245BF33900C82B98 /* HalfModalTransitionAnimator.swift */ = {isa = PBXFileReference; fileEncoding = 4; lastKnownFileType = sourcecode.swift; path = HalfModalTransitionAnimator.swift; sourceTree = "<group>"; };
		26E5A33B245BF33900C82B98 /* HalfModalTransitioningDelegate.swift */ = {isa = PBXFileReference; fileEncoding = 4; lastKnownFileType = sourcecode.swift; path = HalfModalTransitioningDelegate.swift; sourceTree = "<group>"; };
		26E5A33C245BF33A00C82B98 /* HalfModalInteractiveTransition.swift */ = {isa = PBXFileReference; fileEncoding = 4; lastKnownFileType = sourcecode.swift; path = HalfModalInteractiveTransition.swift; sourceTree = "<group>"; };
		26E5A341245DCE3B00C82B98 /* RainBarChartVC.swift */ = {isa = PBXFileReference; lastKnownFileType = sourcecode.swift; path = RainBarChartVC.swift; sourceTree = "<group>"; };
		26E5A343245EEBE500C82B98 /* GardenNotifVC.swift */ = {isa = PBXFileReference; lastKnownFileType = sourcecode.swift; path = GardenNotifVC.swift; sourceTree = "<group>"; };
		6A6E8BD43463A68CBCCB636D /* Pods-BeeGarden.release.xcconfig */ = {isa = PBXFileReference; includeInIndex = 1; lastKnownFileType = text.xcconfig; name = "Pods-BeeGarden.release.xcconfig"; path = "Target Support Files/Pods-BeeGarden/Pods-BeeGarden.release.xcconfig"; sourceTree = "<group>"; };
		74D9A6FC258A9EDBD75D7BE8 /* Pods_BeeGarden.framework */ = {isa = PBXFileReference; explicitFileType = wrapper.framework; includeInIndex = 0; path = Pods_BeeGarden.framework; sourceTree = BUILT_PRODUCTS_DIR; };
		760806CAABDE2A9C5F121834 /* Pods-BeeGarden.debug.xcconfig */ = {isa = PBXFileReference; includeInIndex = 1; lastKnownFileType = text.xcconfig; name = "Pods-BeeGarden.debug.xcconfig"; path = "Target Support Files/Pods-BeeGarden/Pods-BeeGarden.debug.xcconfig"; sourceTree = "<group>"; };
		9F2D1BF85A93589929C7052F /* Pods_BeeGardenTests.framework */ = {isa = PBXFileReference; explicitFileType = wrapper.framework; includeInIndex = 0; path = Pods_BeeGardenTests.framework; sourceTree = BUILT_PRODUCTS_DIR; };
		BDC8458BCEE0FBF18C29255C /* Pods-BeeGarden-BeeGardenUITests.debug.xcconfig */ = {isa = PBXFileReference; includeInIndex = 1; lastKnownFileType = text.xcconfig; name = "Pods-BeeGarden-BeeGardenUITests.debug.xcconfig"; path = "Target Support Files/Pods-BeeGarden-BeeGardenUITests/Pods-BeeGarden-BeeGardenUITests.debug.xcconfig"; sourceTree = "<group>"; };
		CBC8E12E4965236F52DD2686 /* Pods-BeeGardenTests.release.xcconfig */ = {isa = PBXFileReference; includeInIndex = 1; lastKnownFileType = text.xcconfig; name = "Pods-BeeGardenTests.release.xcconfig"; path = "Target Support Files/Pods-BeeGardenTests/Pods-BeeGardenTests.release.xcconfig"; sourceTree = "<group>"; };
		CD1BFBAA737187BC2CFF4C18 /* Pods-BeeGarden-BeeGardenUITests.release.xcconfig */ = {isa = PBXFileReference; includeInIndex = 1; lastKnownFileType = text.xcconfig; name = "Pods-BeeGarden-BeeGardenUITests.release.xcconfig"; path = "Target Support Files/Pods-BeeGarden-BeeGardenUITests/Pods-BeeGarden-BeeGardenUITests.release.xcconfig"; sourceTree = "<group>"; };
		E4C5B00565AB402B02AEE770 /* Pods_BeeGarden_BeeGardenUITests.framework */ = {isa = PBXFileReference; explicitFileType = wrapper.framework; includeInIndex = 0; path = Pods_BeeGarden_BeeGardenUITests.framework; sourceTree = BUILT_PRODUCTS_DIR; };
/* End PBXFileReference section */

/* Begin PBXFrameworksBuildPhase section */
		265B1F642436E7300036F0F5 /* Frameworks */ = {
			isa = PBXFrameworksBuildPhase;
			buildActionMask = 2147483647;
			files = (
				9E8A2AFE0644832EBE11AB7C /* Pods_BeeGarden.framework in Frameworks */,
			);
			runOnlyForDeploymentPostprocessing = 0;
		};
		265B1F7F2436E7340036F0F5 /* Frameworks */ = {
			isa = PBXFrameworksBuildPhase;
			buildActionMask = 2147483647;
			files = (
				8BB2D5FD2C3029ECA74A7795 /* Pods_BeeGardenTests.framework in Frameworks */,
			);
			runOnlyForDeploymentPostprocessing = 0;
		};
		265B1F8A2436E7340036F0F5 /* Frameworks */ = {
			isa = PBXFrameworksBuildPhase;
			buildActionMask = 2147483647;
			files = (
				BE8F31426D48E01B9DE2E92E /* Pods_BeeGarden_BeeGardenUITests.framework in Frameworks */,
			);
			runOnlyForDeploymentPostprocessing = 0;
		};
/* End PBXFrameworksBuildPhase section */

/* Begin PBXGroup section */
		1DA5C99478C757FCE5B66AFD /* Frameworks */ = {
			isa = PBXGroup;
			children = (
				74D9A6FC258A9EDBD75D7BE8 /* Pods_BeeGarden.framework */,
				E4C5B00565AB402B02AEE770 /* Pods_BeeGarden_BeeGardenUITests.framework */,
				9F2D1BF85A93589929C7052F /* Pods_BeeGardenTests.framework */,
			);
			name = Frameworks;
			sourceTree = "<group>";
		};
		263362162455D2CC0014CD92 /* Utils */ = {
			isa = PBXGroup;
			children = (
				263362172455D3190014CD92 /* UIColor+Utils.swift */,
				263362192455D4230014CD92 /* TopNotesPush.swift */,
				26E266432459DA88006955CB /* LotAnimaiton.swift */,
				26E26647245A8D39006955CB /* WeatherAPI.swift */,
			);
			path = Utils;
			sourceTree = "<group>";
		};
		265B1F5E2436E7300036F0F5 = {
			isa = PBXGroup;
			children = (
				265B1F692436E7300036F0F5 /* BeeGarden */,
				265B1F852436E7340036F0F5 /* BeeGardenTests */,
				265B1F902436E7340036F0F5 /* BeeGardenUITests */,
				265B1F682436E7300036F0F5 /* Products */,
				472A1D3C1497656CAF22B268 /* Pods */,
				1DA5C99478C757FCE5B66AFD /* Frameworks */,
			);
			sourceTree = "<group>";
		};
		265B1F682436E7300036F0F5 /* Products */ = {
			isa = PBXGroup;
			children = (
				265B1F672436E7300036F0F5 /* BeeGarden.app */,
				265B1F822436E7340036F0F5 /* BeeGardenTests.xctest */,
				265B1F8D2436E7340036F0F5 /* BeeGardenUITests.xctest */,
			);
			name = Products;
			sourceTree = "<group>";
		};
		265B1F692436E7300036F0F5 /* BeeGarden */ = {
			isa = PBXGroup;
			children = (
				26E5A337245BF2E800C82B98 /* HalfModelPresentation */,
				263362162455D2CC0014CD92 /* Utils */,
				267CAADF2449F90900A7F973 /* Assets.xcassets */,
				26C812ED2448A9F200FC4994 /* MelbourneCBD.gpx */,
				26C812662444AA8800FC4994 /* Animation */,
				260844FC24421FD900F59166 /* SpotDetailVC.swift */,
				266220B2243891390072CF83 /* Database */,
				26622099243842680072CF83 /* EntityClass */,
				2662205524383B620072CF83 /* DataModel */,
				265B1F6A2436E7300036F0F5 /* AppDelegate.swift */,
				265B1F6C2436E7300036F0F5 /* SceneDelegate.swift */,
				265B1F722436E7300036F0F5 /* Main.storyboard */,
				265B1F7A2436E7340036F0F5 /* LaunchScreen.storyboard */,
				265B1F7D2436E7340036F0F5 /* Info.plist */,
				266220BF2439D7E60072CF83 /* GalleryTableVC.swift */,
				266220C72439E2DE0072CF83 /* GalleryTableViewCell.swift */,
				266220CB2439FE450072CF83 /* AddObserveVC.swift */,
				26B00622243E1D8D00BA9187 /* HomeTabVC.swift */,
				26B00626243E1FEF00BA9187 /* PagingCollectionViewLayout.swift */,
				26B0062A2440296400BA9187 /* HomeBeeDetailVC.swift */,
				26B006362440542200BA9187 /* HomeKnowVC.swift */,
				26B0063A2440814800BA9187 /* HomeKnowDetailVC.swift */,
				267CACC82451C57800A7F973 /* CollectionCell */,
				26B0067D2440B8F400BA9187 /* HomeViewController.swift */,
				26B0067F24417D7000BA9187 /* NearbyVC.swift */,
				26C812672444ACB100FC4994 /* LaunchScreenVC.swift */,
				26C812AF24460A1900FC4994 /* PlantVC.swift */,
				267CAADD2449F34D00A7F973 /* TabBarVC.swift */,
				267CAB21244A1EE800A7F973 /* PageVC.swift */,
				267CAB23244A1F1300A7F973 /* TutorialVC.swift */,
				26E2663B24594C09006955CB /* PinterestLayout.swift */,
				267CAB35244DFB7400A7F973 /* NavTabVC.swift */,
				267CAB432450962B00A7F973 /* GardenVC.swift */,
				267CACC62451BC9700A7F973 /* PlantListVC.swift */,
				263361912453349D0014CD92 /* PlantDetailVC.swift */,
				2633619324541E5F0014CD92 /* GardenPlantHSVC.swift */,
				263361D124549E740014CD92 /* RecordHeatMapVC.swift */,
				263361D42454B1F00014CD92 /* addRecordVC.swift */,
				26E2663D24594E35006955CB /* GalleryCollectionVC.swift */,
				26E2663F24594F2F006955CB /* CollectionPhotoCell.swift */,
				26E266412459C827006955CB /* ObserveDetailVC.swift */,
				26E5A335245BEA8500C82B98 /* TestViewController.swift */,
				26E5A341245DCE3B00C82B98 /* RainBarChartVC.swift */,
				26E5A343245EEBE500C82B98 /* GardenNotifVC.swift */,
			);
			path = BeeGarden;
			sourceTree = "<group>";
		};
		265B1F852436E7340036F0F5 /* BeeGardenTests */ = {
			isa = PBXGroup;
			children = (
				265B1F862436E7340036F0F5 /* BeeGardenTests.swift */,
				265B1F882436E7340036F0F5 /* Info.plist */,
			);
			path = BeeGardenTests;
			sourceTree = "<group>";
		};
		265B1F902436E7340036F0F5 /* BeeGardenUITests */ = {
			isa = PBXGroup;
			children = (
				265B1F912436E7340036F0F5 /* BeeGardenUITests.swift */,
				265B1F932436E7340036F0F5 /* Info.plist */,
			);
			path = BeeGardenUITests;
			sourceTree = "<group>";
		};
		2662205524383B620072CF83 /* DataModel */ = {
			isa = PBXGroup;
			children = (
				267CAB4524509AF100A7F973 /* GardenEntity+CoreDataClass.swift */,
				267CAB4624509AF100A7F973 /* GardenEntity+CoreDataProperties.swift */,
				267CAB4724509AF100A7F973 /* FlowerEntity+CoreDataClass.swift */,
				267CAB4824509AF100A7F973 /* FlowerEntity+CoreDataProperties.swift */,
				267CAB2F244DCCFF00A7F973 /* PlantRecordEntity+CoreDataClass.swift */,
				267CAB30244DCCFF00A7F973 /* PlantRecordEntity+CoreDataProperties.swift */,
				260844F824420EBF00F59166 /* SpotEntity+CoreDataClass.swift */,
				260844F924420EBF00F59166 /* SpotEntity+CoreDataProperties.swift */,
				26B0062E2440505000BA9187 /* KnowledgeEntity+CoreDataClass.swift */,
				26B0062F2440505000BA9187 /* KnowledgeEntity+CoreDataProperties.swift */,
				266220F3243B1A690072CF83 /* BeeEntity+CoreDataClass.swift */,
				266220F4243B1A690072CF83 /* BeeEntity+CoreDataProperties.swift */,
				266220F5243B1A690072CF83 /* ObserveEntity+CoreDataClass.swift */,
				266220F6243B1A690072CF83 /* ObserveEntity+CoreDataProperties.swift */,
				26B006812442040C00BA9187 /* Model.xcdatamodeld */,
			);
			path = DataModel;
			sourceTree = "<group>";
		};
		26622099243842680072CF83 /* EntityClass */ = {
			isa = PBXGroup;
			children = (
				2662209A243842BC0072CF83 /* Bee.swift */,
				2662209E243842E20072CF83 /* Flower.swift */,
				266220A2243843080072CF83 /* Planting.swift */,
				266220A6243843260072CF83 /* Observe.swift */,
			);
			path = EntityClass;
			sourceTree = "<group>";
		};
		266220B2243891390072CF83 /* Database */ = {
			isa = PBXGroup;
			children = (
				266220B3243891820072CF83 /* CoreDataController.swift */,
				266220B7243891C10072CF83 /* DatabaseProtocol.swift */,
				266220BB243891E40072CF83 /* MulticastDelegate.swift */,
			);
			path = Database;
			sourceTree = "<group>";
		};
		267CACC82451C57800A7F973 /* CollectionCell */ = {
			isa = PBXGroup;
			children = (
				267CACC92451C57800A7F973 /* CollectionCell.swift */,
				267CACCA2451C57800A7F973 /* CollectionCell.xib */,
			);
			path = CollectionCell;
			sourceTree = "<group>";
		};
		26C812662444AA8800FC4994 /* Animation */ = {
			isa = PBXGroup;
			children = (
				26C812AD2444D8C800FC4994 /* book-animation.json */,
				267CAB37244EF45600A7F973 /* gardening.json */,
				267CAB3B244F164000A7F973 /* camera.json */,
				26E266452459DB4E006955CB /* hand-tap.json */,
				267CAB39244EF6FF00A7F973 /* travelers.json */,
				267CAB3D244F1C6E00A7F973 /* travel-camera.json */,
				26C812692444AD9000FC4994 /* bee-fiying.json */,
			);
			path = Animation;
			sourceTree = "<group>";
		};
		26E5A337245BF2E800C82B98 /* HalfModelPresentation */ = {
			isa = PBXGroup;
			children = (
				26E5A338245BF31C00C82B98 /* HalfModalPresentationController.swift */,
				26E5A33C245BF33A00C82B98 /* HalfModalInteractiveTransition.swift */,
				26E5A33A245BF33900C82B98 /* HalfModalTransitionAnimator.swift */,
				26E5A33B245BF33900C82B98 /* HalfModalTransitioningDelegate.swift */,
			);
			path = HalfModelPresentation;
			sourceTree = "<group>";
		};
		472A1D3C1497656CAF22B268 /* Pods */ = {
			isa = PBXGroup;
			children = (
				760806CAABDE2A9C5F121834 /* Pods-BeeGarden.debug.xcconfig */,
				6A6E8BD43463A68CBCCB636D /* Pods-BeeGarden.release.xcconfig */,
				BDC8458BCEE0FBF18C29255C /* Pods-BeeGarden-BeeGardenUITests.debug.xcconfig */,
				CD1BFBAA737187BC2CFF4C18 /* Pods-BeeGarden-BeeGardenUITests.release.xcconfig */,
				03C1C24CC55619D0BD418C11 /* Pods-BeeGardenTests.debug.xcconfig */,
				CBC8E12E4965236F52DD2686 /* Pods-BeeGardenTests.release.xcconfig */,
			);
			path = Pods;
			sourceTree = "<group>";
		};
/* End PBXGroup section */

/* Begin PBXNativeTarget section */
		265B1F662436E7300036F0F5 /* BeeGarden */ = {
			isa = PBXNativeTarget;
			buildConfigurationList = 265B1F962436E7340036F0F5 /* Build configuration list for PBXNativeTarget "BeeGarden" */;
			buildPhases = (
				3F249E02074A68BC5F1810B2 /* [CP] Check Pods Manifest.lock */,
				265B1F632436E7300036F0F5 /* Sources */,
				265B1F642436E7300036F0F5 /* Frameworks */,
				265B1F652436E7300036F0F5 /* Resources */,
				4C121D4DE8BCCE80AB01BE08 /* [CP] Embed Pods Frameworks */,
			);
			buildRules = (
			);
			dependencies = (
			);
			name = BeeGarden;
			productName = BeeGarden;
			productReference = 265B1F672436E7300036F0F5 /* BeeGarden.app */;
			productType = "com.apple.product-type.application";
		};
		265B1F812436E7340036F0F5 /* BeeGardenTests */ = {
			isa = PBXNativeTarget;
			buildConfigurationList = 265B1F992436E7340036F0F5 /* Build configuration list for PBXNativeTarget "BeeGardenTests" */;
			buildPhases = (
				1B2A3686F57E9240A2305569 /* [CP] Check Pods Manifest.lock */,
				265B1F7E2436E7340036F0F5 /* Sources */,
				265B1F7F2436E7340036F0F5 /* Frameworks */,
				265B1F802436E7340036F0F5 /* Resources */,
			);
			buildRules = (
			);
			dependencies = (
				265B1F842436E7340036F0F5 /* PBXTargetDependency */,
			);
			name = BeeGardenTests;
			productName = BeeGardenTests;
			productReference = 265B1F822436E7340036F0F5 /* BeeGardenTests.xctest */;
			productType = "com.apple.product-type.bundle.unit-test";
		};
		265B1F8C2436E7340036F0F5 /* BeeGardenUITests */ = {
			isa = PBXNativeTarget;
			buildConfigurationList = 265B1F9C2436E7340036F0F5 /* Build configuration list for PBXNativeTarget "BeeGardenUITests" */;
			buildPhases = (
				E1FBE731992DD42995F7D1A8 /* [CP] Check Pods Manifest.lock */,
				265B1F892436E7340036F0F5 /* Sources */,
				265B1F8A2436E7340036F0F5 /* Frameworks */,
				265B1F8B2436E7340036F0F5 /* Resources */,
				399363DAED86EBA8D5075F98 /* [CP] Embed Pods Frameworks */,
			);
			buildRules = (
			);
			dependencies = (
				265B1F8F2436E7340036F0F5 /* PBXTargetDependency */,
			);
			name = BeeGardenUITests;
			productName = BeeGardenUITests;
			productReference = 265B1F8D2436E7340036F0F5 /* BeeGardenUITests.xctest */;
			productType = "com.apple.product-type.bundle.ui-testing";
		};
/* End PBXNativeTarget section */

/* Begin PBXProject section */
		265B1F5F2436E7300036F0F5 /* Project object */ = {
			isa = PBXProject;
			attributes = {
				LastSwiftUpdateCheck = 1140;
				LastUpgradeCheck = 1140;
				ORGANIZATIONNAME = "steven liu";
				TargetAttributes = {
					265B1F662436E7300036F0F5 = {
						CreatedOnToolsVersion = 11.4;
					};
					265B1F812436E7340036F0F5 = {
						CreatedOnToolsVersion = 11.4;
						TestTargetID = 265B1F662436E7300036F0F5;
					};
					265B1F8C2436E7340036F0F5 = {
						CreatedOnToolsVersion = 11.4;
						TestTargetID = 265B1F662436E7300036F0F5;
					};
				};
			};
			buildConfigurationList = 265B1F622436E7300036F0F5 /* Build configuration list for PBXProject "BeeGarden" */;
			compatibilityVersion = "Xcode 9.3";
			developmentRegion = en;
			hasScannedForEncodings = 0;
			knownRegions = (
				en,
				Base,
			);
			mainGroup = 265B1F5E2436E7300036F0F5;
			productRefGroup = 265B1F682436E7300036F0F5 /* Products */;
			projectDirPath = "";
			projectRoot = "";
			targets = (
				265B1F662436E7300036F0F5 /* BeeGarden */,
				265B1F812436E7340036F0F5 /* BeeGardenTests */,
				265B1F8C2436E7340036F0F5 /* BeeGardenUITests */,
			);
		};
/* End PBXProject section */

/* Begin PBXResourcesBuildPhase section */
		265B1F652436E7300036F0F5 /* Resources */ = {
			isa = PBXResourcesBuildPhase;
			buildActionMask = 2147483647;
			files = (
				265B1F7C2436E7340036F0F5 /* LaunchScreen.storyboard in Resources */,
				26C812EE2448A9F200FC4994 /* MelbourneCBD.gpx in Resources */,
				267CAB3E244F1C6E00A7F973 /* travel-camera.json in Resources */,
				26C812AE2444D8C800FC4994 /* book-animation.json in Resources */,
				267CAB38244EF45600A7F973 /* gardening.json in Resources */,
				26C8126A2444AD9000FC4994 /* bee-fiying.json in Resources */,
				267CAAE02449F90900A7F973 /* Assets.xcassets in Resources */,
				267CAB3A244EF6FF00A7F973 /* travelers.json in Resources */,
				267CACCC2451C57800A7F973 /* CollectionCell.xib in Resources */,
				267CAB3C244F164000A7F973 /* camera.json in Resources */,
				26E266462459DB4E006955CB /* hand-tap.json in Resources */,
				265B1F742436E7300036F0F5 /* Main.storyboard in Resources */,
			);
			runOnlyForDeploymentPostprocessing = 0;
		};
		265B1F802436E7340036F0F5 /* Resources */ = {
			isa = PBXResourcesBuildPhase;
			buildActionMask = 2147483647;
			files = (
			);
			runOnlyForDeploymentPostprocessing = 0;
		};
		265B1F8B2436E7340036F0F5 /* Resources */ = {
			isa = PBXResourcesBuildPhase;
			buildActionMask = 2147483647;
			files = (
			);
			runOnlyForDeploymentPostprocessing = 0;
		};
/* End PBXResourcesBuildPhase section */

/* Begin PBXShellScriptBuildPhase section */
		1B2A3686F57E9240A2305569 /* [CP] Check Pods Manifest.lock */ = {
			isa = PBXShellScriptBuildPhase;
			buildActionMask = 2147483647;
			files = (
			);
			inputFileListPaths = (
			);
			inputPaths = (
				"${PODS_PODFILE_DIR_PATH}/Podfile.lock",
				"${PODS_ROOT}/Manifest.lock",
			);
			name = "[CP] Check Pods Manifest.lock";
			outputFileListPaths = (
			);
			outputPaths = (
				"$(DERIVED_FILE_DIR)/Pods-BeeGardenTests-checkManifestLockResult.txt",
			);
			runOnlyForDeploymentPostprocessing = 0;
			shellPath = /bin/sh;
			shellScript = "diff \"${PODS_PODFILE_DIR_PATH}/Podfile.lock\" \"${PODS_ROOT}/Manifest.lock\" > /dev/null\nif [ $? != 0 ] ; then\n    # print error to STDERR\n    echo \"error: The sandbox is not in sync with the Podfile.lock. Run 'pod install' or update your CocoaPods installation.\" >&2\n    exit 1\nfi\n# This output is used by Xcode 'outputs' to avoid re-running this script phase.\necho \"SUCCESS\" > \"${SCRIPT_OUTPUT_FILE_0}\"\n";
			showEnvVarsInLog = 0;
		};
		399363DAED86EBA8D5075F98 /* [CP] Embed Pods Frameworks */ = {
			isa = PBXShellScriptBuildPhase;
			buildActionMask = 2147483647;
			files = (
			);
			inputFileListPaths = (
				"${PODS_ROOT}/Target Support Files/Pods-BeeGarden-BeeGardenUITests/Pods-BeeGarden-BeeGardenUITests-frameworks-${CONFIGURATION}-input-files.xcfilelist",
			);
			name = "[CP] Embed Pods Frameworks";
			outputFileListPaths = (
				"${PODS_ROOT}/Target Support Files/Pods-BeeGarden-BeeGardenUITests/Pods-BeeGarden-BeeGardenUITests-frameworks-${CONFIGURATION}-output-files.xcfilelist",
			);
			runOnlyForDeploymentPostprocessing = 0;
			shellPath = /bin/sh;
			shellScript = "\"${PODS_ROOT}/Target Support Files/Pods-BeeGarden-BeeGardenUITests/Pods-BeeGarden-BeeGardenUITests-frameworks.sh\"\n";
			showEnvVarsInLog = 0;
		};
		3F249E02074A68BC5F1810B2 /* [CP] Check Pods Manifest.lock */ = {
			isa = PBXShellScriptBuildPhase;
			buildActionMask = 2147483647;
			files = (
			);
			inputFileListPaths = (
			);
			inputPaths = (
				"${PODS_PODFILE_DIR_PATH}/Podfile.lock",
				"${PODS_ROOT}/Manifest.lock",
			);
			name = "[CP] Check Pods Manifest.lock";
			outputFileListPaths = (
			);
			outputPaths = (
				"$(DERIVED_FILE_DIR)/Pods-BeeGarden-checkManifestLockResult.txt",
			);
			runOnlyForDeploymentPostprocessing = 0;
			shellPath = /bin/sh;
			shellScript = "diff \"${PODS_PODFILE_DIR_PATH}/Podfile.lock\" \"${PODS_ROOT}/Manifest.lock\" > /dev/null\nif [ $? != 0 ] ; then\n    # print error to STDERR\n    echo \"error: The sandbox is not in sync with the Podfile.lock. Run 'pod install' or update your CocoaPods installation.\" >&2\n    exit 1\nfi\n# This output is used by Xcode 'outputs' to avoid re-running this script phase.\necho \"SUCCESS\" > \"${SCRIPT_OUTPUT_FILE_0}\"\n";
			showEnvVarsInLog = 0;
		};
		4C121D4DE8BCCE80AB01BE08 /* [CP] Embed Pods Frameworks */ = {
			isa = PBXShellScriptBuildPhase;
			buildActionMask = 2147483647;
			files = (
			);
			inputFileListPaths = (
				"${PODS_ROOT}/Target Support Files/Pods-BeeGarden/Pods-BeeGarden-frameworks-${CONFIGURATION}-input-files.xcfilelist",
			);
			name = "[CP] Embed Pods Frameworks";
			outputFileListPaths = (
				"${PODS_ROOT}/Target Support Files/Pods-BeeGarden/Pods-BeeGarden-frameworks-${CONFIGURATION}-output-files.xcfilelist",
			);
			runOnlyForDeploymentPostprocessing = 0;
			shellPath = /bin/sh;
			shellScript = "\"${PODS_ROOT}/Target Support Files/Pods-BeeGarden/Pods-BeeGarden-frameworks.sh\"\n";
			showEnvVarsInLog = 0;
		};
		E1FBE731992DD42995F7D1A8 /* [CP] Check Pods Manifest.lock */ = {
			isa = PBXShellScriptBuildPhase;
			buildActionMask = 2147483647;
			files = (
			);
			inputFileListPaths = (
			);
			inputPaths = (
				"${PODS_PODFILE_DIR_PATH}/Podfile.lock",
				"${PODS_ROOT}/Manifest.lock",
			);
			name = "[CP] Check Pods Manifest.lock";
			outputFileListPaths = (
			);
			outputPaths = (
				"$(DERIVED_FILE_DIR)/Pods-BeeGarden-BeeGardenUITests-checkManifestLockResult.txt",
			);
			runOnlyForDeploymentPostprocessing = 0;
			shellPath = /bin/sh;
			shellScript = "diff \"${PODS_PODFILE_DIR_PATH}/Podfile.lock\" \"${PODS_ROOT}/Manifest.lock\" > /dev/null\nif [ $? != 0 ] ; then\n    # print error to STDERR\n    echo \"error: The sandbox is not in sync with the Podfile.lock. Run 'pod install' or update your CocoaPods installation.\" >&2\n    exit 1\nfi\n# This output is used by Xcode 'outputs' to avoid re-running this script phase.\necho \"SUCCESS\" > \"${SCRIPT_OUTPUT_FILE_0}\"\n";
			showEnvVarsInLog = 0;
		};
/* End PBXShellScriptBuildPhase section */

/* Begin PBXSourcesBuildPhase section */
		265B1F632436E7300036F0F5 /* Sources */ = {
			isa = PBXSourcesBuildPhase;
			buildActionMask = 2147483647;
			files = (
				263361922453349D0014CD92 /* PlantDetailVC.swift in Sources */,
				26E5A336245BEA8500C82B98 /* TestViewController.swift in Sources */,
				26E5A339245BF31C00C82B98 /* HalfModalPresentationController.swift in Sources */,
				267CAB24244A1F1300A7F973 /* TutorialVC.swift in Sources */,
				267CAB4A24509AF100A7F973 /* GardenEntity+CoreDataProperties.swift in Sources */,
				266220BC243891E40072CF83 /* MulticastDelegate.swift in Sources */,
				26E266442459DA88006955CB /* LotAnimaiton.swift in Sources */,
				26B006372440542200BA9187 /* HomeKnowVC.swift in Sources */,
				267CAB33244DCCFF00A7F973 /* PlantRecordEntity+CoreDataClass.swift in Sources */,
				263362182455D3190014CD92 /* UIColor+Utils.swift in Sources */,
				266220B8243891C10072CF83 /* DatabaseProtocol.swift in Sources */,
				266220A7243843260072CF83 /* Observe.swift in Sources */,
				267CAB442450962B00A7F973 /* GardenVC.swift in Sources */,
				26E266422459C827006955CB /* ObserveDetailVC.swift in Sources */,
				267CAB4B24509AF100A7F973 /* FlowerEntity+CoreDataClass.swift in Sources */,
				266220CC2439FE450072CF83 /* AddObserveVC.swift in Sources */,
				26B0063B2440814800BA9187 /* HomeKnowDetailVC.swift in Sources */,
				267CAB4C24509AF100A7F973 /* FlowerEntity+CoreDataProperties.swift in Sources */,
				263361D52454B1F00014CD92 /* addRecordVC.swift in Sources */,
				26622103243B1A690072CF83 /* BeeEntity+CoreDataClass.swift in Sources */,
				26E5A33D245BF33A00C82B98 /* HalfModalTransitionAnimator.swift in Sources */,
				266220C82439E2DE0072CF83 /* GalleryTableViewCell.swift in Sources */,
				260844FD24421FD900F59166 /* SpotDetailVC.swift in Sources */,
				267CAB4924509AF100A7F973 /* GardenEntity+CoreDataClass.swift in Sources */,
				26622106243B1A690072CF83 /* BeeEntity+CoreDataProperties.swift in Sources */,
				267CAB34244DCCFF00A7F973 /* PlantRecordEntity+CoreDataProperties.swift in Sources */,
				2633621A2455D4230014CD92 /* TopNotesPush.swift in Sources */,
				26B0062B2440296400BA9187 /* HomeBeeDetailVC.swift in Sources */,
				266220C02439D7E60072CF83 /* GalleryTableVC.swift in Sources */,
				26E5A342245DCE3B00C82B98 /* RainBarChartVC.swift in Sources */,
				26C812B024460A1900FC4994 /* PlantVC.swift in Sources */,
				2662209F243842E20072CF83 /* Flower.swift in Sources */,
				2662210C243B1A690072CF83 /* ObserveEntity+CoreDataProperties.swift in Sources */,
				26E26648245A8D39006955CB /* WeatherAPI.swift in Sources */,
				266220A3243843080072CF83 /* Planting.swift in Sources */,
				26B006832442040C00BA9187 /* Model.xcdatamodeld in Sources */,
				26E5A33E245BF33A00C82B98 /* HalfModalTransitioningDelegate.swift in Sources */,
				26E5A344245EEBE500C82B98 /* GardenNotifVC.swift in Sources */,
				26C812682444ACB100FC4994 /* LaunchScreenVC.swift in Sources */,
				26622109243B1A690072CF83 /* ObserveEntity+CoreDataClass.swift in Sources */,
				267CAADE2449F34D00A7F973 /* TabBarVC.swift in Sources */,
				265B1F6B2436E7300036F0F5 /* AppDelegate.swift in Sources */,
				26B0067E2440B8F400BA9187 /* HomeViewController.swift in Sources */,
				26E2664024594F2F006955CB /* CollectionPhotoCell.swift in Sources */,
				263361D224549E740014CD92 /* RecordHeatMapVC.swift in Sources */,
				26B006332440505000BA9187 /* KnowledgeEntity+CoreDataProperties.swift in Sources */,
				26E5A33F245BF33A00C82B98 /* HalfModalInteractiveTransition.swift in Sources */,
				267CACCB2451C57800A7F973 /* CollectionCell.swift in Sources */,
				26E2663E24594E35006955CB /* GalleryCollectionVC.swift in Sources */,
				265B1F6D2436E7300036F0F5 /* SceneDelegate.swift in Sources */,
				2662209B243842BC0072CF83 /* Bee.swift in Sources */,
				26B0068024417D7000BA9187 /* NearbyVC.swift in Sources */,
				2633619424541E5F0014CD92 /* GardenPlantHSVC.swift in Sources */,
				267CACC72451BC9700A7F973 /* PlantListVC.swift in Sources */,
				267CAB36244DFB7400A7F973 /* NavTabVC.swift in Sources */,
				260844FA24420EBF00F59166 /* SpotEntity+CoreDataClass.swift in Sources */,
				26B00627243E1FEF00BA9187 /* PagingCollectionViewLayout.swift in Sources */,
				266220B4243891820072CF83 /* CoreDataController.swift in Sources */,
				267CAB22244A1EE800A7F973 /* PageVC.swift in Sources */,
				260844FB24420EBF00F59166 /* SpotEntity+CoreDataProperties.swift in Sources */,
				26E2663C24594C09006955CB /* PinterestLayout.swift in Sources */,
				26B00623243E1D8D00BA9187 /* HomeTabVC.swift in Sources */,
				26B006302440505000BA9187 /* KnowledgeEntity+CoreDataClass.swift in Sources */,
			);
			runOnlyForDeploymentPostprocessing = 0;
		};
		265B1F7E2436E7340036F0F5 /* Sources */ = {
			isa = PBXSourcesBuildPhase;
			buildActionMask = 2147483647;
			files = (
				266220C92439E2DE0072CF83 /* GalleryTableViewCell.swift in Sources */,
				26B006382440542200BA9187 /* HomeKnowVC.swift in Sources */,
				26B006342440505000BA9187 /* KnowledgeEntity+CoreDataProperties.swift in Sources */,
				26B00624243E1D8D00BA9187 /* HomeTabVC.swift in Sources */,
				266220A8243843260072CF83 /* Observe.swift in Sources */,
				2662209C243842BC0072CF83 /* Bee.swift in Sources */,
				2662210D243B1A690072CF83 /* ObserveEntity+CoreDataProperties.swift in Sources */,
				26B006312440505000BA9187 /* KnowledgeEntity+CoreDataClass.swift in Sources */,
				26622104243B1A690072CF83 /* BeeEntity+CoreDataClass.swift in Sources */,
				266220B5243891830072CF83 /* CoreDataController.swift in Sources */,
				26B0062C2440296400BA9187 /* HomeBeeDetailVC.swift in Sources */,
				265B1F872436E7340036F0F5 /* BeeGardenTests.swift in Sources */,
				266220A4243843080072CF83 /* Planting.swift in Sources */,
				266220C12439D7E60072CF83 /* GalleryTableVC.swift in Sources */,
				266220CD2439FE450072CF83 /* AddObserveVC.swift in Sources */,
				26B00628243E1FEF00BA9187 /* PagingCollectionViewLayout.swift in Sources */,
				26622107243B1A690072CF83 /* BeeEntity+CoreDataProperties.swift in Sources */,
				266220A0243842E20072CF83 /* Flower.swift in Sources */,
				266220BD243891E40072CF83 /* MulticastDelegate.swift in Sources */,
				266220B9243891C10072CF83 /* DatabaseProtocol.swift in Sources */,
				2662210A243B1A690072CF83 /* ObserveEntity+CoreDataClass.swift in Sources */,
			);
			runOnlyForDeploymentPostprocessing = 0;
		};
		265B1F892436E7340036F0F5 /* Sources */ = {
			isa = PBXSourcesBuildPhase;
			buildActionMask = 2147483647;
			files = (
				266220CA2439E2DE0072CF83 /* GalleryTableViewCell.swift in Sources */,
				26B006392440542200BA9187 /* HomeKnowVC.swift in Sources */,
				26B006352440505000BA9187 /* KnowledgeEntity+CoreDataProperties.swift in Sources */,
				26B00625243E1D8D00BA9187 /* HomeTabVC.swift in Sources */,
				266220A9243843260072CF83 /* Observe.swift in Sources */,
				2662209D243842BC0072CF83 /* Bee.swift in Sources */,
				2662210E243B1A690072CF83 /* ObserveEntity+CoreDataProperties.swift in Sources */,
				26B006322440505000BA9187 /* KnowledgeEntity+CoreDataClass.swift in Sources */,
				26622105243B1A690072CF83 /* BeeEntity+CoreDataClass.swift in Sources */,
				266220B6243891830072CF83 /* CoreDataController.swift in Sources */,
				26B0062D2440296400BA9187 /* HomeBeeDetailVC.swift in Sources */,
				265B1F922436E7340036F0F5 /* BeeGardenUITests.swift in Sources */,
				266220A5243843080072CF83 /* Planting.swift in Sources */,
				266220C22439D7E60072CF83 /* GalleryTableVC.swift in Sources */,
				266220CE2439FE450072CF83 /* AddObserveVC.swift in Sources */,
				26B00629243E1FEF00BA9187 /* PagingCollectionViewLayout.swift in Sources */,
				26622108243B1A690072CF83 /* BeeEntity+CoreDataProperties.swift in Sources */,
				266220A1243842E20072CF83 /* Flower.swift in Sources */,
				266220BE243891E40072CF83 /* MulticastDelegate.swift in Sources */,
				266220BA243891C10072CF83 /* DatabaseProtocol.swift in Sources */,
				2662210B243B1A690072CF83 /* ObserveEntity+CoreDataClass.swift in Sources */,
			);
			runOnlyForDeploymentPostprocessing = 0;
		};
/* End PBXSourcesBuildPhase section */

/* Begin PBXTargetDependency section */
		265B1F842436E7340036F0F5 /* PBXTargetDependency */ = {
			isa = PBXTargetDependency;
			target = 265B1F662436E7300036F0F5 /* BeeGarden */;
			targetProxy = 265B1F832436E7340036F0F5 /* PBXContainerItemProxy */;
		};
		265B1F8F2436E7340036F0F5 /* PBXTargetDependency */ = {
			isa = PBXTargetDependency;
			target = 265B1F662436E7300036F0F5 /* BeeGarden */;
			targetProxy = 265B1F8E2436E7340036F0F5 /* PBXContainerItemProxy */;
		};
/* End PBXTargetDependency section */

/* Begin PBXVariantGroup section */
		265B1F722436E7300036F0F5 /* Main.storyboard */ = {
			isa = PBXVariantGroup;
			children = (
				265B1F732436E7300036F0F5 /* Base */,
			);
			name = Main.storyboard;
			sourceTree = "<group>";
		};
		265B1F7A2436E7340036F0F5 /* LaunchScreen.storyboard */ = {
			isa = PBXVariantGroup;
			children = (
				265B1F7B2436E7340036F0F5 /* Base */,
			);
			name = LaunchScreen.storyboard;
			sourceTree = "<group>";
		};
/* End PBXVariantGroup section */

/* Begin XCBuildConfiguration section */
		265B1F942436E7340036F0F5 /* Debug */ = {
			isa = XCBuildConfiguration;
			buildSettings = {
				ALWAYS_SEARCH_USER_PATHS = NO;
				CLANG_ANALYZER_NONNULL = YES;
				CLANG_ANALYZER_NUMBER_OBJECT_CONVERSION = YES_AGGRESSIVE;
				CLANG_CXX_LANGUAGE_STANDARD = "gnu++14";
				CLANG_CXX_LIBRARY = "libc++";
				CLANG_ENABLE_MODULES = YES;
				CLANG_ENABLE_OBJC_ARC = YES;
				CLANG_ENABLE_OBJC_WEAK = YES;
				CLANG_WARN_BLOCK_CAPTURE_AUTORELEASING = YES;
				CLANG_WARN_BOOL_CONVERSION = YES;
				CLANG_WARN_COMMA = YES;
				CLANG_WARN_CONSTANT_CONVERSION = YES;
				CLANG_WARN_DEPRECATED_OBJC_IMPLEMENTATIONS = YES;
				CLANG_WARN_DIRECT_OBJC_ISA_USAGE = YES_ERROR;
				CLANG_WARN_DOCUMENTATION_COMMENTS = YES;
				CLANG_WARN_EMPTY_BODY = YES;
				CLANG_WARN_ENUM_CONVERSION = YES;
				CLANG_WARN_INFINITE_RECURSION = YES;
				CLANG_WARN_INT_CONVERSION = YES;
				CLANG_WARN_NON_LITERAL_NULL_CONVERSION = YES;
				CLANG_WARN_OBJC_IMPLICIT_RETAIN_SELF = YES;
				CLANG_WARN_OBJC_LITERAL_CONVERSION = YES;
				CLANG_WARN_OBJC_ROOT_CLASS = YES_ERROR;
				CLANG_WARN_RANGE_LOOP_ANALYSIS = YES;
				CLANG_WARN_STRICT_PROTOTYPES = YES;
				CLANG_WARN_SUSPICIOUS_MOVE = YES;
				CLANG_WARN_UNGUARDED_AVAILABILITY = YES_AGGRESSIVE;
				CLANG_WARN_UNREACHABLE_CODE = YES;
				CLANG_WARN__DUPLICATE_METHOD_MATCH = YES;
				COPY_PHASE_STRIP = NO;
				DEBUG_INFORMATION_FORMAT = dwarf;
				ENABLE_STRICT_OBJC_MSGSEND = YES;
				ENABLE_TESTABILITY = YES;
				GCC_C_LANGUAGE_STANDARD = gnu11;
				GCC_DYNAMIC_NO_PIC = NO;
				GCC_NO_COMMON_BLOCKS = YES;
				GCC_OPTIMIZATION_LEVEL = 0;
				GCC_PREPROCESSOR_DEFINITIONS = (
					"DEBUG=1",
					"$(inherited)",
				);
				GCC_WARN_64_TO_32_BIT_CONVERSION = YES;
				GCC_WARN_ABOUT_RETURN_TYPE = YES_ERROR;
				GCC_WARN_UNDECLARED_SELECTOR = YES;
				GCC_WARN_UNINITIALIZED_AUTOS = YES_AGGRESSIVE;
				GCC_WARN_UNUSED_FUNCTION = YES;
				GCC_WARN_UNUSED_VARIABLE = YES;
				IPHONEOS_DEPLOYMENT_TARGET = 13.4;
				MTL_ENABLE_DEBUG_INFO = INCLUDE_SOURCE;
				MTL_FAST_MATH = YES;
				ONLY_ACTIVE_ARCH = YES;
				SDKROOT = iphoneos;
				SWIFT_ACTIVE_COMPILATION_CONDITIONS = DEBUG;
				SWIFT_OPTIMIZATION_LEVEL = "-Onone";
			};
			name = Debug;
		};
		265B1F952436E7340036F0F5 /* Release */ = {
			isa = XCBuildConfiguration;
			buildSettings = {
				ALWAYS_SEARCH_USER_PATHS = NO;
				CLANG_ANALYZER_NONNULL = YES;
				CLANG_ANALYZER_NUMBER_OBJECT_CONVERSION = YES_AGGRESSIVE;
				CLANG_CXX_LANGUAGE_STANDARD = "gnu++14";
				CLANG_CXX_LIBRARY = "libc++";
				CLANG_ENABLE_MODULES = YES;
				CLANG_ENABLE_OBJC_ARC = YES;
				CLANG_ENABLE_OBJC_WEAK = YES;
				CLANG_WARN_BLOCK_CAPTURE_AUTORELEASING = YES;
				CLANG_WARN_BOOL_CONVERSION = YES;
				CLANG_WARN_COMMA = YES;
				CLANG_WARN_CONSTANT_CONVERSION = YES;
				CLANG_WARN_DEPRECATED_OBJC_IMPLEMENTATIONS = YES;
				CLANG_WARN_DIRECT_OBJC_ISA_USAGE = YES_ERROR;
				CLANG_WARN_DOCUMENTATION_COMMENTS = YES;
				CLANG_WARN_EMPTY_BODY = YES;
				CLANG_WARN_ENUM_CONVERSION = YES;
				CLANG_WARN_INFINITE_RECURSION = YES;
				CLANG_WARN_INT_CONVERSION = YES;
				CLANG_WARN_NON_LITERAL_NULL_CONVERSION = YES;
				CLANG_WARN_OBJC_IMPLICIT_RETAIN_SELF = YES;
				CLANG_WARN_OBJC_LITERAL_CONVERSION = YES;
				CLANG_WARN_OBJC_ROOT_CLASS = YES_ERROR;
				CLANG_WARN_RANGE_LOOP_ANALYSIS = YES;
				CLANG_WARN_STRICT_PROTOTYPES = YES;
				CLANG_WARN_SUSPICIOUS_MOVE = YES;
				CLANG_WARN_UNGUARDED_AVAILABILITY = YES_AGGRESSIVE;
				CLANG_WARN_UNREACHABLE_CODE = YES;
				CLANG_WARN__DUPLICATE_METHOD_MATCH = YES;
				COPY_PHASE_STRIP = NO;
				DEBUG_INFORMATION_FORMAT = "dwarf-with-dsym";
				ENABLE_NS_ASSERTIONS = NO;
				ENABLE_STRICT_OBJC_MSGSEND = YES;
				GCC_C_LANGUAGE_STANDARD = gnu11;
				GCC_NO_COMMON_BLOCKS = YES;
				GCC_WARN_64_TO_32_BIT_CONVERSION = YES;
				GCC_WARN_ABOUT_RETURN_TYPE = YES_ERROR;
				GCC_WARN_UNDECLARED_SELECTOR = YES;
				GCC_WARN_UNINITIALIZED_AUTOS = YES_AGGRESSIVE;
				GCC_WARN_UNUSED_FUNCTION = YES;
				GCC_WARN_UNUSED_VARIABLE = YES;
				IPHONEOS_DEPLOYMENT_TARGET = 13.4;
				MTL_ENABLE_DEBUG_INFO = NO;
				MTL_FAST_MATH = YES;
				SDKROOT = iphoneos;
				SWIFT_COMPILATION_MODE = wholemodule;
				SWIFT_OPTIMIZATION_LEVEL = "-O";
				VALIDATE_PRODUCT = YES;
			};
			name = Release;
		};
		265B1F972436E7340036F0F5 /* Debug */ = {
			isa = XCBuildConfiguration;
			baseConfigurationReference = 760806CAABDE2A9C5F121834 /* Pods-BeeGarden.debug.xcconfig */;
			buildSettings = {
				ASSETCATALOG_COMPILER_APPICON_NAME = AppIcon;
				CODE_SIGN_STYLE = Automatic;
				DEVELOPMENT_TEAM = 4XJ69MFGWM;
				INFOPLIST_FILE = BeeGarden/Info.plist;
				IPHONEOS_DEPLOYMENT_TARGET = 13.4;
				LD_RUNPATH_SEARCH_PATHS = (
					"$(inherited)",
					"@executable_path/Frameworks",
				);
				PRODUCT_BUNDLE_IDENTIFIER = zhiyan.com.BeeGarden;
				PRODUCT_NAME = "$(TARGET_NAME)";
				SWIFT_VERSION = 5.0;
				TARGETED_DEVICE_FAMILY = "1,2";
			};
			name = Debug;
		};
		265B1F982436E7340036F0F5 /* Release */ = {
			isa = XCBuildConfiguration;
			baseConfigurationReference = 6A6E8BD43463A68CBCCB636D /* Pods-BeeGarden.release.xcconfig */;
			buildSettings = {
				ASSETCATALOG_COMPILER_APPICON_NAME = AppIcon;
				CODE_SIGN_STYLE = Automatic;
				DEVELOPMENT_TEAM = 4XJ69MFGWM;
				INFOPLIST_FILE = BeeGarden/Info.plist;
				IPHONEOS_DEPLOYMENT_TARGET = 13.4;
				LD_RUNPATH_SEARCH_PATHS = (
					"$(inherited)",
					"@executable_path/Frameworks",
				);
				PRODUCT_BUNDLE_IDENTIFIER = zhiyan.com.BeeGarden;
				PRODUCT_NAME = "$(TARGET_NAME)";
				SWIFT_VERSION = 5.0;
				TARGETED_DEVICE_FAMILY = "1,2";
			};
			name = Release;
		};
		265B1F9A2436E7340036F0F5 /* Debug */ = {
			isa = XCBuildConfiguration;
			baseConfigurationReference = 03C1C24CC55619D0BD418C11 /* Pods-BeeGardenTests.debug.xcconfig */;
			buildSettings = {
				ALWAYS_EMBED_SWIFT_STANDARD_LIBRARIES = YES;
				BUNDLE_LOADER = "$(TEST_HOST)";
				CODE_SIGN_STYLE = Automatic;
				DEVELOPMENT_TEAM = 4XJ69MFGWM;
				INFOPLIST_FILE = BeeGardenTests/Info.plist;
				IPHONEOS_DEPLOYMENT_TARGET = 13.4;
				LD_RUNPATH_SEARCH_PATHS = (
					"$(inherited)",
					"@executable_path/Frameworks",
					"@loader_path/Frameworks",
				);
				PRODUCT_BUNDLE_IDENTIFIER = zhiyan.com.BeeGardenTests;
				PRODUCT_NAME = "$(TARGET_NAME)";
				SWIFT_VERSION = 5.0;
				TARGETED_DEVICE_FAMILY = "1,2";
				TEST_HOST = "$(BUILT_PRODUCTS_DIR)/BeeGarden.app/BeeGarden";
			};
			name = Debug;
		};
		265B1F9B2436E7340036F0F5 /* Release */ = {
			isa = XCBuildConfiguration;
			baseConfigurationReference = CBC8E12E4965236F52DD2686 /* Pods-BeeGardenTests.release.xcconfig */;
			buildSettings = {
				ALWAYS_EMBED_SWIFT_STANDARD_LIBRARIES = YES;
				BUNDLE_LOADER = "$(TEST_HOST)";
				CODE_SIGN_STYLE = Automatic;
				DEVELOPMENT_TEAM = 4XJ69MFGWM;
				INFOPLIST_FILE = BeeGardenTests/Info.plist;
				IPHONEOS_DEPLOYMENT_TARGET = 13.4;
				LD_RUNPATH_SEARCH_PATHS = (
					"$(inherited)",
					"@executable_path/Frameworks",
					"@loader_path/Frameworks",
				);
				PRODUCT_BUNDLE_IDENTIFIER = zhiyan.com.BeeGardenTests;
				PRODUCT_NAME = "$(TARGET_NAME)";
				SWIFT_VERSION = 5.0;
				TARGETED_DEVICE_FAMILY = "1,2";
				TEST_HOST = "$(BUILT_PRODUCTS_DIR)/BeeGarden.app/BeeGarden";
			};
			name = Release;
		};
		265B1F9D2436E7340036F0F5 /* Debug */ = {
			isa = XCBuildConfiguration;
			baseConfigurationReference = BDC8458BCEE0FBF18C29255C /* Pods-BeeGarden-BeeGardenUITests.debug.xcconfig */;
			buildSettings = {
				ALWAYS_EMBED_SWIFT_STANDARD_LIBRARIES = YES;
				CODE_SIGN_STYLE = Automatic;
				DEVELOPMENT_TEAM = 4XJ69MFGWM;
				INFOPLIST_FILE = BeeGardenUITests/Info.plist;
				LD_RUNPATH_SEARCH_PATHS = (
					"$(inherited)",
					"@executable_path/Frameworks",
					"@loader_path/Frameworks",
				);
				PRODUCT_BUNDLE_IDENTIFIER = zhiyan.com.BeeGardenUITests;
				PRODUCT_NAME = "$(TARGET_NAME)";
				SWIFT_VERSION = 5.0;
				TARGETED_DEVICE_FAMILY = "1,2";
				TEST_TARGET_NAME = BeeGarden;
			};
			name = Debug;
		};
		265B1F9E2436E7340036F0F5 /* Release */ = {
			isa = XCBuildConfiguration;
			baseConfigurationReference = CD1BFBAA737187BC2CFF4C18 /* Pods-BeeGarden-BeeGardenUITests.release.xcconfig */;
			buildSettings = {
				ALWAYS_EMBED_SWIFT_STANDARD_LIBRARIES = YES;
				CODE_SIGN_STYLE = Automatic;
				DEVELOPMENT_TEAM = 4XJ69MFGWM;
				INFOPLIST_FILE = BeeGardenUITests/Info.plist;
				LD_RUNPATH_SEARCH_PATHS = (
					"$(inherited)",
					"@executable_path/Frameworks",
					"@loader_path/Frameworks",
				);
				PRODUCT_BUNDLE_IDENTIFIER = zhiyan.com.BeeGardenUITests;
				PRODUCT_NAME = "$(TARGET_NAME)";
				SWIFT_VERSION = 5.0;
				TARGETED_DEVICE_FAMILY = "1,2";
				TEST_TARGET_NAME = BeeGarden;
			};
			name = Release;
		};
/* End XCBuildConfiguration section */

/* Begin XCConfigurationList section */
		265B1F622436E7300036F0F5 /* Build configuration list for PBXProject "BeeGarden" */ = {
			isa = XCConfigurationList;
			buildConfigurations = (
				265B1F942436E7340036F0F5 /* Debug */,
				265B1F952436E7340036F0F5 /* Release */,
			);
			defaultConfigurationIsVisible = 0;
			defaultConfigurationName = Release;
		};
		265B1F962436E7340036F0F5 /* Build configuration list for PBXNativeTarget "BeeGarden" */ = {
			isa = XCConfigurationList;
			buildConfigurations = (
				265B1F972436E7340036F0F5 /* Debug */,
				265B1F982436E7340036F0F5 /* Release */,
			);
			defaultConfigurationIsVisible = 0;
			defaultConfigurationName = Release;
		};
		265B1F992436E7340036F0F5 /* Build configuration list for PBXNativeTarget "BeeGardenTests" */ = {
			isa = XCConfigurationList;
			buildConfigurations = (
				265B1F9A2436E7340036F0F5 /* Debug */,
				265B1F9B2436E7340036F0F5 /* Release */,
			);
			defaultConfigurationIsVisible = 0;
			defaultConfigurationName = Release;
		};
		265B1F9C2436E7340036F0F5 /* Build configuration list for PBXNativeTarget "BeeGardenUITests" */ = {
			isa = XCConfigurationList;
			buildConfigurations = (
				265B1F9D2436E7340036F0F5 /* Debug */,
				265B1F9E2436E7340036F0F5 /* Release */,
			);
			defaultConfigurationIsVisible = 0;
			defaultConfigurationName = Release;
		};
/* End XCConfigurationList section */

/* Begin XCVersionGroup section */
		26B006812442040C00BA9187 /* Model.xcdatamodeld */ = {
			isa = XCVersionGroup;
			children = (
				26B006822442040C00BA9187 /* Model.xcdatamodel */,
			);
			currentVersion = 26B006822442040C00BA9187 /* Model.xcdatamodel */;
			path = Model.xcdatamodeld;
			sourceTree = "<group>";
			versionGroupType = wrapper.xcdatamodel;
		};
/* End XCVersionGroup section */
	};
	rootObject = 265B1F5F2436E7300036F0F5 /* Project object */;
}
